# THIS IS AN AUTOGENERATED FILE. DO NOT EDIT THIS FILE DIRECTLY.
# yarn lockfile v1


"@rails/activestorage@^6.0.0":
  version "6.1.2"
  resolved "https://registry.yarnpkg.com/@rails/activestorage/-/activestorage-6.1.2.tgz#e56c01314a85cacb53e5911ddc957578ac720c9c"
  integrity sha512-7rwFGtUBDrwDAjXs2jl7MG20Z5Pd9+42RpH1N3xDF4PaqC9wfBzvPfT31hd5JTgXJH+/DtYepgrZK2e5Zps4Bg==
  dependencies:
    spark-md5 "^3.0.0"

"@rails/ujs@^6.0.0":
  version "6.1.2"
  resolved "https://registry.yarnpkg.com/@rails/ujs/-/ujs-6.1.2.tgz#ccafb8d8e7ae3bfd21824b018be9f1c417bef5b4"
  integrity sha512-WEXne46Srl3CegO4ngPSWLL7UYWoL1N78254LSzWJgE2mr7XZlbX8S0vltLHDYj5YRFCYEslsBMPisVb59tpYA==

spark-md5@^3.0.0:
  version "3.0.1"
  resolved "https://registry.yarnpkg.com/spark-md5/-/spark-md5-3.0.1.tgz#83a0e255734f2ab4e5c466e5a2cfc9ba2aa2124d"
  integrity sha512-0tF3AGSD1ppQeuffsLDIOWlKUd3lS92tFxcsrh5Pe3ZphhnoK+oXIBTzOAThZCiuINZLvpiLH/1VS1/ANEJVig==
